
Microsoft Visual Studio Solution File, Format Version 12.00
# Visual Studio 14
VisualStudioVersion = 14.0.25420.1
MinimumVisualStudioVersion = 10.0.40219.1
Project("{FAE04EC0-301F-11D3-BF4B-00C04F79EFBC}") = "BluetoothGATT-CC2650-SensorTag", "BLEApp\BluetoothGATT-CC2650-SensorTag.csproj", "{A1D9294E-8B31-4470-ABF5-0EEE05AD9B21}"
EndProject
Project("{FAE04EC0-301F-11D3-BF4B-00C04F79EFBC}") = "TI-CC2650-SensorTag-Lib", "TI-CC2650-SensorTag-Lib\TI-CC2650-SensorTag-Lib.csproj", "{B03E9C5B-C845-4D0C-9E7C-4C131DEB260C}"
EndProject
Project("{2150E333-8FDC-42A3-9474-1A3956D46DE8}") = "Solution Items", "Solution Items", "{EB295C8B-3B4B-4D72-8E5D-C54FF7AF4B39}"
	ProjectSection(SolutionItems) = preProject
		..\README.md = ..\README.md
	EndProjectSection
EndProject
Global
	GlobalSection(SolutionConfigurationPlatforms) = preSolution
		Debug|Any CPU = Debug|Any CPU
		Debug|ARM = Debug|ARM
		Debug|x64 = Debug|x64
		Debug|x86 = Debug|x86
		Release|Any CPU = Release|Any CPU
		Release|ARM = Release|ARM
		Release|x64 = Release|x64
		Release|x86 = Release|x86
	EndGlobalSection
	GlobalSection(ProjectConfigurationPlatforms) = postSolution
		{A1D9294E-8B31-4470-ABF5-0EEE05AD9B21}.Debug|Any CPU.ActiveCfg = Debug|x86
		{A1D9294E-8B31-4470-ABF5-0EEE05AD9B21}.Debug|ARM.ActiveCfg = Debug|ARM
		{A1D9294E-8B31-4470-ABF5-0EEE05AD9B21}.Debug|ARM.Build.0 = Debug|ARM
		{A1D9294E-8B31-4470-ABF5-0EEE05AD9B21}.Debug|ARM.Deploy.0 = Debug|ARM
		{A1D9294E-8B31-4470-ABF5-0EEE05AD9B21}.Debug|x64.ActiveCfg = Debug|x64
		{A1D9294E-8B31-4470-ABF5-0EEE05AD9B21}.Debug|x64.Build.0 = Debug|x64
		{A1D9294E-8B31-4470-ABF5-0EEE05AD9B21}.Debug|x64.Deploy.0 = Debug|x64
		{A1D9294E-8B31-4470-ABF5-0EEE05AD9B21}.Debug|x86.ActiveCfg = Debug|x86
		{A1D9294E-8B31-4470-ABF5-0EEE05AD9B21}.Debug|x86.Build.0 = Debug|x86
		{A1D9294E-8B31-4470-ABF5-0EEE05AD9B21}.Debug|x86.Deploy.0 = Debug|x86
		{A1D9294E-8B31-4470-ABF5-0EEE05AD9B21}.Release|Any CPU.ActiveCfg = Release|x86
		{A1D9294E-8B31-4470-ABF5-0EEE05AD9B21}.Release|ARM.ActiveCfg = Release|ARM
		{A1D9294E-8B31-4470-ABF5-0EEE05AD9B21}.Release|ARM.Build.0 = Release|ARM
		{A1D9294E-8B31-4470-ABF5-0EEE05AD9B21}.Release|ARM.Deploy.0 = Release|ARM
		{A1D9294E-8B31-4470-ABF5-0EEE05AD9B21}.Release|x64.ActiveCfg = Release|x64
		{A1D9294E-8B31-4470-ABF5-0EEE05AD9B21}.Release|x64.Build.0 = Release|x64
		{A1D9294E-8B31-4470-ABF5-0EEE05AD9B21}.Release|x64.Deploy.0 = Release|x64
		{A1D9294E-8B31-4470-ABF5-0EEE05AD9B21}.Release|x86.ActiveCfg = Release|x86
		{A1D9294E-8B31-4470-ABF5-0EEE05AD9B21}.Release|x86.Build.0 = Release|x86
		{A1D9294E-8B31-4470-ABF5-0EEE05AD9B21}.Release|x86.Deploy.0 = Release|x86
		{B03E9C5B-C845-4D0C-9E7C-4C131DEB260C}.Debug|Any CPU.ActiveCfg = Debug|Any CPU
		{B03E9C5B-C845-4D0C-9E7C-4C131DEB260C}.Debug|Any CPU.Build.0 = Debug|Any CPU
		{B03E9C5B-C845-4D0C-9E7C-4C131DEB260C}.Debug|ARM.ActiveCfg = Debug|ARM
		{B03E9C5B-C845-4D0C-9E7C-4C131DEB260C}.Debug|ARM.Build.0 = Debug|ARM
		{B03E9C5B-C845-4D0C-9E7C-4C131DEB260C}.Debug|x64.ActiveCfg = Debug|x64
		{B03E9C5B-C845-4D0C-9E7C-4C131DEB260C}.Debug|x64.Build.0 = Debug|x64
		{B03E9C5B-C845-4D0C-9E7C-4C131DEB260C}.Debug|x86.ActiveCfg = Debug|x86
		{B03E9C5B-C845-4D0C-9E7C-4C131DEB260C}.Debug|x86.Build.0 = Debug|x86
		{B03E9C5B-C845-4D0C-9E7C-4C131DEB260C}.Release|Any CPU.ActiveCfg = Release|Any CPU
		{B03E9C5B-C845-4D0C-9E7C-4C131DEB260C}.Release|Any CPU.Build.0 = Release|Any CPU
		{B03E9C5B-C845-4D0C-9E7C-4C131DEB260C}.Release|ARM.ActiveCfg = Release|ARM
		{B03E9C5B-C845-4D0C-9E7C-4C131DEB260C}.Release|ARM.Build.0 = Release|ARM
		{B03E9C5B-C845-4D0C-9E7C-4C131DEB260C}.Release|x64.ActiveCfg = Release|x64
		{B03E9C5B-C845-4D0C-9E7C-4C131DEB260C}.Release|x64.Build.0 = Release|x64
		{B03E9C5B-C845-4D0C-9E7C-4C131DEB260C}.Release|x86.ActiveCfg = Release|x86
		{B03E9C5B-C845-4D0C-9E7C-4C131DEB260C}.Release|x86.Build.0 = Release|x86
	EndGlobalSection
	GlobalSection(SolutionProperties) = preSolution
		HideSolutionNode = FALSE
	EndGlobalSection
EndGlobal
